// !$*UTF8*$!
{
	archiveVersion = 1;
	classes = {
	};
	objectVersion = 50;
	objects = {

/* Begin PBXBuildFile section */
		4C706E7D2435260E002D4B45 /* MediaCatalog.swift in Sources */ = {isa = PBXBuildFile; fileRef = 4C706E7C2435260E002D4B45 /* MediaCatalog.swift */; };
		4C706E81243538DC002D4B45 /* MediaTableViewCell.swift in Sources */ = {isa = PBXBuildFile; fileRef = 4C706E80243538DC002D4B45 /* MediaTableViewCell.swift */; };
		4CAA813E2434118000F48F24 /* AppDelegate.swift in Sources */ = {isa = PBXBuildFile; fileRef = 4CAA813D2434118000F48F24 /* AppDelegate.swift */; };
		4CAA81402434118000F48F24 /* SceneDelegate.swift in Sources */ = {isa = PBXBuildFile; fileRef = 4CAA813F2434118000F48F24 /* SceneDelegate.swift */; };
		4CAA81422434118000F48F24 /* MediaCatalogViewController.swift in Sources */ = {isa = PBXBuildFile; fileRef = 4CAA81412434118000F48F24 /* MediaCatalogViewController.swift */; };
		4CAA81452434118000F48F24 /* Main.storyboard in Resources */ = {isa = PBXBuildFile; fileRef = 4CAA81432434118000F48F24 /* Main.storyboard */; };
		4CAA81472434118200F48F24 /* Assets.xcassets in Resources */ = {isa = PBXBuildFile; fileRef = 4CAA81462434118200F48F24 /* Assets.xcassets */; };
		4CAA814A2434118200F48F24 /* LaunchScreen.storyboard in Resources */ = {isa = PBXBuildFile; fileRef = 4CAA81482434118200F48F24 /* LaunchScreen.storyboard */; };
		4CAA81552434118200F48F24 /* ITunesCatalogTests.swift in Sources */ = {isa = PBXBuildFile; fileRef = 4CAA81542434118200F48F24 /* ITunesCatalogTests.swift */; };
		4CAA8160243411D800F48F24 /* NetworkManager.swift in Sources */ = {isa = PBXBuildFile; fileRef = 4CAA815F243411D800F48F24 /* NetworkManager.swift */; };
		4CAA8162243411F100F48F24 /* Aliases.swift in Sources */ = {isa = PBXBuildFile; fileRef = 4CAA8161243411F100F48F24 /* Aliases.swift */; };
		4CAA81642434132500F48F24 /* URLRequestHelper.swift in Sources */ = {isa = PBXBuildFile; fileRef = 4CAA81632434132500F48F24 /* URLRequestHelper.swift */; };
		4CAA81672434136800F48F24 /* Media.swift in Sources */ = {isa = PBXBuildFile; fileRef = 4CAA81662434136800F48F24 /* Media.swift */; };
		4CAA81692434137400F48F24 /* ITunesMedia.swift in Sources */ = {isa = PBXBuildFile; fileRef = 4CAA81682434137400F48F24 /* ITunesMedia.swift */; };
		4CAA816C243414E500F48F24 /* ITunesMediaService.swift in Sources */ = {isa = PBXBuildFile; fileRef = 4CAA816B243414E500F48F24 /* ITunesMediaService.swift */; };
		4CAA816E2434194D00F48F24 /* MediaService.swift in Sources */ = {isa = PBXBuildFile; fileRef = 4CAA816D2434194D00F48F24 /* MediaService.swift */; };
		4CAA8170243419F300F48F24 /* MediaType.swift in Sources */ = {isa = PBXBuildFile; fileRef = 4CAA816F243419F300F48F24 /* MediaType.swift */; };
		4CAA81722434633B00F48F24 /* ITunesMediaSearchResult.swift in Sources */ = {isa = PBXBuildFile; fileRef = 4CAA81712434633B00F48F24 /* ITunesMediaSearchResult.swift */; };
		4CD535D2243540D300AE68EB /* AlertHelper.swift in Sources */ = {isa = PBXBuildFile; fileRef = 4CD535D1243540D300AE68EB /* AlertHelper.swift */; };
		4CD535D42435455F00AE68EB /* MediaCatalogViewModel.swift in Sources */ = {isa = PBXBuildFile; fileRef = 4CD535D32435455F00AE68EB /* MediaCatalogViewModel.swift */; };
/* End PBXBuildFile section */

/* Begin PBXContainerItemProxy section */
		4CAA81512434118200F48F24 /* PBXContainerItemProxy */ = {
			isa = PBXContainerItemProxy;
			containerPortal = 4CAA81322434117F00F48F24 /* Project object */;
			proxyType = 1;
			remoteGlobalIDString = 4CAA81392434117F00F48F24;
			remoteInfo = ITunesCatalog;
		};
/* End PBXContainerItemProxy section */

/* Begin PBXFileReference section */
		4C706E7C2435260E002D4B45 /* MediaCatalog.swift */ = {isa = PBXFileReference; lastKnownFileType = sourcecode.swift; path = MediaCatalog.swift; sourceTree = "<group>"; };
		4C706E80243538DC002D4B45 /* MediaTableViewCell.swift */ = {isa = PBXFileReference; lastKnownFileType = sourcecode.swift; path = MediaTableViewCell.swift; sourceTree = "<group>"; };
		4CAA813A2434117F00F48F24 /* ITunesCatalog.app */ = {isa = PBXFileReference; explicitFileType = wrapper.application; includeInIndex = 0; path = ITunesCatalog.app; sourceTree = BUILT_PRODUCTS_DIR; };
		4CAA813D2434118000F48F24 /* AppDelegate.swift */ = {isa = PBXFileReference; lastKnownFileType = sourcecode.swift; path = AppDelegate.swift; sourceTree = "<group>"; };
		4CAA813F2434118000F48F24 /* SceneDelegate.swift */ = {isa = PBXFileReference; lastKnownFileType = sourcecode.swift; path = SceneDelegate.swift; sourceTree = "<group>"; };
		4CAA81412434118000F48F24 /* MediaCatalogViewController.swift */ = {isa = PBXFileReference; lastKnownFileType = sourcecode.swift; path = MediaCatalogViewController.swift; sourceTree = "<group>"; };
		4CAA81442434118000F48F24 /* Base */ = {isa = PBXFileReference; lastKnownFileType = file.storyboard; name = Base; path = Base.lproj/Main.storyboard; sourceTree = "<group>"; };
		4CAA81462434118200F48F24 /* Assets.xcassets */ = {isa = PBXFileReference; lastKnownFileType = folder.assetcatalog; path = Assets.xcassets; sourceTree = "<group>"; };
		4CAA81492434118200F48F24 /* Base */ = {isa = PBXFileReference; lastKnownFileType = file.storyboard; name = Base; path = Base.lproj/LaunchScreen.storyboard; sourceTree = "<group>"; };
		4CAA814B2434118200F48F24 /* Info.plist */ = {isa = PBXFileReference; lastKnownFileType = text.plist.xml; path = Info.plist; sourceTree = "<group>"; };
		4CAA81502434118200F48F24 /* ITunesCatalogTests.xctest */ = {isa = PBXFileReference; explicitFileType = wrapper.cfbundle; includeInIndex = 0; path = ITunesCatalogTests.xctest; sourceTree = BUILT_PRODUCTS_DIR; };
		4CAA81542434118200F48F24 /* ITunesCatalogTests.swift */ = {isa = PBXFileReference; lastKnownFileType = sourcecode.swift; path = ITunesCatalogTests.swift; sourceTree = "<group>"; };
		4CAA81562434118200F48F24 /* Info.plist */ = {isa = PBXFileReference; lastKnownFileType = text.plist.xml; path = Info.plist; sourceTree = "<group>"; };
		4CAA815F243411D800F48F24 /* NetworkManager.swift */ = {isa = PBXFileReference; lastKnownFileType = sourcecode.swift; path = NetworkManager.swift; sourceTree = "<group>"; };
		4CAA8161243411F100F48F24 /* Aliases.swift */ = {isa = PBXFileReference; lastKnownFileType = sourcecode.swift; path = Aliases.swift; sourceTree = "<group>"; };
		4CAA81632434132500F48F24 /* URLRequestHelper.swift */ = {isa = PBXFileReference; lastKnownFileType = sourcecode.swift; path = URLRequestHelper.swift; sourceTree = "<group>"; };
		4CAA81662434136800F48F24 /* Media.swift */ = {isa = PBXFileReference; lastKnownFileType = sourcecode.swift; path = Media.swift; sourceTree = "<group>"; };
		4CAA81682434137400F48F24 /* ITunesMedia.swift */ = {isa = PBXFileReference; lastKnownFileType = sourcecode.swift; path = ITunesMedia.swift; sourceTree = "<group>"; };
		4CAA816B243414E500F48F24 /* ITunesMediaService.swift */ = {isa = PBXFileReference; lastKnownFileType = sourcecode.swift; path = ITunesMediaService.swift; sourceTree = "<group>"; };
		4CAA816D2434194D00F48F24 /* MediaService.swift */ = {isa = PBXFileReference; lastKnownFileType = sourcecode.swift; path = MediaService.swift; sourceTree = "<group>"; };
		4CAA816F243419F300F48F24 /* MediaType.swift */ = {isa = PBXFileReference; lastKnownFileType = sourcecode.swift; path = MediaType.swift; sourceTree = "<group>"; };
		4CAA81712434633B00F48F24 /* ITunesMediaSearchResult.swift */ = {isa = PBXFileReference; lastKnownFileType = sourcecode.swift; path = ITunesMediaSearchResult.swift; sourceTree = "<group>"; };
		4CD535D1243540D300AE68EB /* AlertHelper.swift */ = {isa = PBXFileReference; lastKnownFileType = sourcecode.swift; path = AlertHelper.swift; sourceTree = "<group>"; };
		4CD535D32435455F00AE68EB /* MediaCatalogViewModel.swift */ = {isa = PBXFileReference; lastKnownFileType = sourcecode.swift; path = MediaCatalogViewModel.swift; sourceTree = "<group>"; };
/* End PBXFileReference section */

/* Begin PBXFrameworksBuildPhase section */
		4CAA81372434117F00F48F24 /* Frameworks */ = {
			isa = PBXFrameworksBuildPhase;
			buildActionMask = 2147483647;
			files = (
			);
			runOnlyForDeploymentPostprocessing = 0;
		};
		4CAA814D2434118200F48F24 /* Frameworks */ = {
			isa = PBXFrameworksBuildPhase;
			buildActionMask = 2147483647;
			files = (
			);
			runOnlyForDeploymentPostprocessing = 0;
		};
/* End PBXFrameworksBuildPhase section */

/* Begin PBXGroup section */
		4CAA81312434117F00F48F24 = {
			isa = PBXGroup;
			children = (
				4CAA813C2434118000F48F24 /* ITunesCatalog */,
				4CAA81532434118200F48F24 /* ITunesCatalogTests */,
				4CAA813B2434117F00F48F24 /* Products */,
			);
			sourceTree = "<group>";
		};
		4CAA813B2434117F00F48F24 /* Products */ = {
			isa = PBXGroup;
			children = (
				4CAA813A2434117F00F48F24 /* ITunesCatalog.app */,
				4CAA81502434118200F48F24 /* ITunesCatalogTests.xctest */,
			);
			name = Products;
			sourceTree = "<group>";
		};
		4CAA813C2434118000F48F24 /* ITunesCatalog */ = {
			isa = PBXGroup;
			children = (
				4CD535D6243559EF00AE68EB /* Misc */,
				4CAA816A2434137C00F48F24 /* Models */,
				4CAA81652434134A00F48F24 /* Networking */,
				4CD535D5243559DD00AE68EB /* UI Classes */,
				4CAA813D2434118000F48F24 /* AppDelegate.swift */,
				4CAA81462434118200F48F24 /* Assets.xcassets */,
				4CAA814B2434118200F48F24 /* Info.plist */,
				4CAA81482434118200F48F24 /* LaunchScreen.storyboard */,
				4CAA81432434118000F48F24 /* Main.storyboard */,
				4CAA813F2434118000F48F24 /* SceneDelegate.swift */,
			);
			path = ITunesCatalog;
			sourceTree = "<group>";
		};
		4CAA81532434118200F48F24 /* ITunesCatalogTests */ = {
			isa = PBXGroup;
			children = (
				4CAA81542434118200F48F24 /* ITunesCatalogTests.swift */,
				4CAA81562434118200F48F24 /* Info.plist */,
			);
			path = ITunesCatalogTests;
			sourceTree = "<group>";
		};
		4CAA81652434134A00F48F24 /* Networking */ = {
			isa = PBXGroup;
			children = (
				4CAA816B243414E500F48F24 /* ITunesMediaService.swift */,
				4CAA816D2434194D00F48F24 /* MediaService.swift */,
				4CAA815F243411D800F48F24 /* NetworkManager.swift */,
				4CAA81632434132500F48F24 /* URLRequestHelper.swift */,
			);
			path = Networking;
			sourceTree = "<group>";
		};
		4CAA816A2434137C00F48F24 /* Models */ = {
			isa = PBXGroup;
			children = (
				4CAA81682434137400F48F24 /* ITunesMedia.swift */,
				4CAA81712434633B00F48F24 /* ITunesMediaSearchResult.swift */,
				4CAA81662434136800F48F24 /* Media.swift */,
				4C706E7C2435260E002D4B45 /* MediaCatalog.swift */,
				4CAA816F243419F300F48F24 /* MediaType.swift */,
			);
			path = Models;
			sourceTree = "<group>";
		};
		4CD535D5243559DD00AE68EB /* UI Classes */ = {
			isa = PBXGroup;
			children = (
				4CAA81412434118000F48F24 /* MediaCatalogViewController.swift */,
				4CD535D32435455F00AE68EB /* MediaCatalogViewModel.swift */,
				4C706E80243538DC002D4B45 /* MediaTableViewCell.swift */,
			);
			path = "UI Classes";
			sourceTree = "<group>";
		};
		4CD535D6243559EF00AE68EB /* Misc */ = {
			isa = PBXGroup;
			children = (
				4CD535D1243540D300AE68EB /* AlertHelper.swift */,
				4CAA8161243411F100F48F24 /* Aliases.swift */,
			);
			path = Misc;
			sourceTree = "<group>";
		};
/* End PBXGroup section */

/* Begin PBXNativeTarget section */
		4CAA81392434117F00F48F24 /* ITunesCatalog */ = {
			isa = PBXNativeTarget;
			buildConfigurationList = 4CAA81592434118200F48F24 /* Build configuration list for PBXNativeTarget "ITunesCatalog" */;
			buildPhases = (
				4CAA81362434117F00F48F24 /* Sources */,
				4CAA81372434117F00F48F24 /* Frameworks */,
				4CAA81382434117F00F48F24 /* Resources */,
			);
			buildRules = (
			);
			dependencies = (
			);
			name = ITunesCatalog;
			productName = ITunesCatalog;
			productReference = 4CAA813A2434117F00F48F24 /* ITunesCatalog.app */;
			productType = "com.apple.product-type.application";
		};
		4CAA814F2434118200F48F24 /* ITunesCatalogTests */ = {
			isa = PBXNativeTarget;
			buildConfigurationList = 4CAA815C2434118200F48F24 /* Build configuration list for PBXNativeTarget "ITunesCatalogTests" */;
			buildPhases = (
				4CAA814C2434118200F48F24 /* Sources */,
				4CAA814D2434118200F48F24 /* Frameworks */,
				4CAA814E2434118200F48F24 /* Resources */,
			);
			buildRules = (
			);
			dependencies = (
				4CAA81522434118200F48F24 /* PBXTargetDependency */,
			);
			name = ITunesCatalogTests;
			productName = ITunesCatalogTests;
			productReference = 4CAA81502434118200F48F24 /* ITunesCatalogTests.xctest */;
			productType = "com.apple.product-type.bundle.unit-test";
		};
/* End PBXNativeTarget section */

/* Begin PBXProject section */
		4CAA81322434117F00F48F24 /* Project object */ = {
			isa = PBXProject;
			attributes = {
				LastSwiftUpdateCheck = 1130;
				LastUpgradeCheck = 1130;
				ORGANIZATIONNAME = "Amedeo Cristillo";
				TargetAttributes = {
					4CAA81392434117F00F48F24 = {
						CreatedOnToolsVersion = 11.3.1;
					};
					4CAA814F2434118200F48F24 = {
						CreatedOnToolsVersion = 11.3.1;
						TestTargetID = 4CAA81392434117F00F48F24;
					};
				};
			};
			buildConfigurationList = 4CAA81352434117F00F48F24 /* Build configuration list for PBXProject "ITunesCatalog" */;
			compatibilityVersion = "Xcode 9.3";
			developmentRegion = en;
			hasScannedForEncodings = 0;
			knownRegions = (
				en,
				Base,
			);
			mainGroup = 4CAA81312434117F00F48F24;
			productRefGroup = 4CAA813B2434117F00F48F24 /* Products */;
			projectDirPath = "";
			projectRoot = "";
			targets = (
				4CAA81392434117F00F48F24 /* ITunesCatalog */,
				4CAA814F2434118200F48F24 /* ITunesCatalogTests */,
			);
		};
/* End PBXProject section */

/* Begin PBXResourcesBuildPhase section */
		4CAA81382434117F00F48F24 /* Resources */ = {
			isa = PBXResourcesBuildPhase;
			buildActionMask = 2147483647;
			files = (
				4CAA81472434118200F48F24 /* Assets.xcassets in Resources */,
				4CAA814A2434118200F48F24 /* LaunchScreen.storyboard in Resources */,
				4CAA81452434118000F48F24 /* Main.storyboard in Resources */,
			);
			runOnlyForDeploymentPostprocessing = 0;
		};
		4CAA814E2434118200F48F24 /* Resources */ = {
			isa = PBXResourcesBuildPhase;
			buildActionMask = 2147483647;
			files = (
			);
			runOnlyForDeploymentPostprocessing = 0;
		};
/* End PBXResourcesBuildPhase section */

/* Begin PBXSourcesBuildPhase section */
		4CAA81362434117F00F48F24 /* Sources */ = {
			isa = PBXSourcesBuildPhase;
			buildActionMask = 2147483647;
			files = (
				4CD535D2243540D300AE68EB /* AlertHelper.swift in Sources */,
				4CAA8162243411F100F48F24 /* Aliases.swift in Sources */,
				4CAA813E2434118000F48F24 /* AppDelegate.swift in Sources */,
				4CAA81692434137400F48F24 /* ITunesMedia.swift in Sources */,
				4CAA81722434633B00F48F24 /* ITunesMediaSearchResult.swift in Sources */,
				4CAA816C243414E500F48F24 /* ITunesMediaService.swift in Sources */,
				4CAA81672434136800F48F24 /* Media.swift in Sources */,
				4C706E7D2435260E002D4B45 /* MediaCatalog.swift in Sources */,
				4CAA81422434118000F48F24 /* MediaCatalogViewController.swift in Sources */,
				4CD535D42435455F00AE68EB /* MediaCatalogViewModel.swift in Sources */,
				4CAA816E2434194D00F48F24 /* MediaService.swift in Sources */,
				4C706E81243538DC002D4B45 /* MediaTableViewCell.swift in Sources */,
				4CAA8170243419F300F48F24 /* MediaType.swift in Sources */,
				4CAA8160243411D800F48F24 /* NetworkManager.swift in Sources */,
				4CAA81402434118000F48F24 /* SceneDelegate.swift in Sources */,
				4CAA81642434132500F48F24 /* URLRequestHelper.swift in Sources */,
			);
			runOnlyForDeploymentPostprocessing = 0;
		};
		4CAA814C2434118200F48F24 /* Sources */ = {
			isa = PBXSourcesBuildPhase;
			buildActionMask = 2147483647;
			files = (
				4CAA81552434118200F48F24 /* ITunesCatalogTests.swift in Sources */,
			);
			runOnlyForDeploymentPostprocessing = 0;
		};
/* End PBXSourcesBuildPhase section */

/* Begin PBXTargetDependency section */
		4CAA81522434118200F48F24 /* PBXTargetDependency */ = {
			isa = PBXTargetDependency;
			target = 4CAA81392434117F00F48F24 /* ITunesCatalog */;
			targetProxy = 4CAA81512434118200F48F24 /* PBXContainerItemProxy */;
		};
/* End PBXTargetDependency section */

/* Begin PBXVariantGroup section */
		4CAA81432434118000F48F24 /* Main.storyboard */ = {
			isa = PBXVariantGroup;
			children = (
				4CAA81442434118000F48F24 /* Base */,
			);
			name = Main.storyboard;
			sourceTree = "<group>";
		};
		4CAA81482434118200F48F24 /* LaunchScreen.storyboard */ = {
			isa = PBXVariantGroup;
			children = (
				4CAA81492434118200F48F24 /* Base */,
			);
			name = LaunchScreen.storyboard;
			sourceTree = "<group>";
		};
/* End PBXVariantGroup section */

/* Begin XCBuildConfiguration section */
		4CAA81572434118200F48F24 /* Debug */ = {
			isa = XCBuildConfiguration;
			buildSettings = {
				ALWAYS_SEARCH_USER_PATHS = NO;
				CLANG_ANALYZER_NONNULL = YES;
				CLANG_ANALYZER_NUMBER_OBJECT_CONVERSION = YES_AGGRESSIVE;
				CLANG_CXX_LANGUAGE_STANDARD = "gnu++14";
				CLANG_CXX_LIBRARY = "libc++";
				CLANG_ENABLE_MODULES = YES;
				CLANG_ENABLE_OBJC_ARC = YES;
				CLANG_ENABLE_OBJC_WEAK = YES;
				CLANG_WARN_BLOCK_CAPTURE_AUTORELEASING = YES;
				CLANG_WARN_BOOL_CONVERSION = YES;
				CLANG_WARN_COMMA = YES;
				CLANG_WARN_CONSTANT_CONVERSION = YES;
				CLANG_WARN_DEPRECATED_OBJC_IMPLEMENTATIONS = YES;
				CLANG_WARN_DIRECT_OBJC_ISA_USAGE = YES_ERROR;
				CLANG_WARN_DOCUMENTATION_COMMENTS = YES;
				CLANG_WARN_EMPTY_BODY = YES;
				CLANG_WARN_ENUM_CONVERSION = YES;
				CLANG_WARN_INFINITE_RECURSION = YES;
				CLANG_WARN_INT_CONVERSION = YES;
				CLANG_WARN_NON_LITERAL_NULL_CONVERSION = YES;
				CLANG_WARN_OBJC_IMPLICIT_RETAIN_SELF = YES;
				CLANG_WARN_OBJC_LITERAL_CONVERSION = YES;
				CLANG_WARN_OBJC_ROOT_CLASS = YES_ERROR;
				CLANG_WARN_RANGE_LOOP_ANALYSIS = YES;
				CLANG_WARN_STRICT_PROTOTYPES = YES;
				CLANG_WARN_SUSPICIOUS_MOVE = YES;
				CLANG_WARN_UNGUARDED_AVAILABILITY = YES_AGGRESSIVE;
				CLANG_WARN_UNREACHABLE_CODE = YES;
				CLANG_WARN__DUPLICATE_METHOD_MATCH = YES;
				COPY_PHASE_STRIP = NO;
				DEBUG_INFORMATION_FORMAT = dwarf;
				ENABLE_STRICT_OBJC_MSGSEND = YES;
				ENABLE_TESTABILITY = YES;
				GCC_C_LANGUAGE_STANDARD = gnu11;
				GCC_DYNAMIC_NO_PIC = NO;
				GCC_NO_COMMON_BLOCKS = YES;
				GCC_OPTIMIZATION_LEVEL = 0;
				GCC_PREPROCESSOR_DEFINITIONS = (
					"DEBUG=1",
					"$(inherited)",
				);
				GCC_WARN_64_TO_32_BIT_CONVERSION = YES;
				GCC_WARN_ABOUT_RETURN_TYPE = YES_ERROR;
				GCC_WARN_UNDECLARED_SELECTOR = YES;
				GCC_WARN_UNINITIALIZED_AUTOS = YES_AGGRESSIVE;
				GCC_WARN_UNUSED_FUNCTION = YES;
				GCC_WARN_UNUSED_VARIABLE = YES;
				IPHONEOS_DEPLOYMENT_TARGET = 13.2;
				MTL_ENABLE_DEBUG_INFO = INCLUDE_SOURCE;
				MTL_FAST_MATH = YES;
				ONLY_ACTIVE_ARCH = YES;
				SDKROOT = iphoneos;
				SWIFT_ACTIVE_COMPILATION_CONDITIONS = DEBUG;
				SWIFT_OPTIMIZATION_LEVEL = "-Onone";
			};
			name = Debug;
		};
		4CAA81582434118200F48F24 /* Release */ = {
			isa = XCBuildConfiguration;
			buildSettings = {
				ALWAYS_SEARCH_USER_PATHS = NO;
				CLANG_ANALYZER_NONNULL = YES;
				CLANG_ANALYZER_NUMBER_OBJECT_CONVERSION = YES_AGGRESSIVE;
				CLANG_CXX_LANGUAGE_STANDARD = "gnu++14";
				CLANG_CXX_LIBRARY = "libc++";
				CLANG_ENABLE_MODULES = YES;
				CLANG_ENABLE_OBJC_ARC = YES;
				CLANG_ENABLE_OBJC_WEAK = YES;
				CLANG_WARN_BLOCK_CAPTURE_AUTORELEASING = YES;
				CLANG_WARN_BOOL_CONVERSION = YES;
				CLANG_WARN_COMMA = YES;
				CLANG_WARN_CONSTANT_CONVERSION = YES;
				CLANG_WARN_DEPRECATED_OBJC_IMPLEMENTATIONS = YES;
				CLANG_WARN_DIRECT_OBJC_ISA_USAGE = YES_ERROR;
				CLANG_WARN_DOCUMENTATION_COMMENTS = YES;
				CLANG_WARN_EMPTY_BODY = YES;
				CLANG_WARN_ENUM_CONVERSION = YES;
				CLANG_WARN_INFINITE_RECURSION = YES;
				CLANG_WARN_INT_CONVERSION = YES;
				CLANG_WARN_NON_LITERAL_NULL_CONVERSION = YES;
				CLANG_WARN_OBJC_IMPLICIT_RETAIN_SELF = YES;
				CLANG_WARN_OBJC_LITERAL_CONVERSION = YES;
				CLANG_WARN_OBJC_ROOT_CLASS = YES_ERROR;
				CLANG_WARN_RANGE_LOOP_ANALYSIS = YES;
				CLANG_WARN_STRICT_PROTOTYPES = YES;
				CLANG_WARN_SUSPICIOUS_MOVE = YES;
				CLANG_WARN_UNGUARDED_AVAILABILITY = YES_AGGRESSIVE;
				CLANG_WARN_UNREACHABLE_CODE = YES;
				CLANG_WARN__DUPLICATE_METHOD_MATCH = YES;
				COPY_PHASE_STRIP = NO;
				DEBUG_INFORMATION_FORMAT = "dwarf-with-dsym";
				ENABLE_NS_ASSERTIONS = NO;
				ENABLE_STRICT_OBJC_MSGSEND = YES;
				GCC_C_LANGUAGE_STANDARD = gnu11;
				GCC_NO_COMMON_BLOCKS = YES;
				GCC_WARN_64_TO_32_BIT_CONVERSION = YES;
				GCC_WARN_ABOUT_RETURN_TYPE = YES_ERROR;
				GCC_WARN_UNDECLARED_SELECTOR = YES;
				GCC_WARN_UNINITIALIZED_AUTOS = YES_AGGRESSIVE;
				GCC_WARN_UNUSED_FUNCTION = YES;
				GCC_WARN_UNUSED_VARIABLE = YES;
				IPHONEOS_DEPLOYMENT_TARGET = 13.2;
				MTL_ENABLE_DEBUG_INFO = NO;
				MTL_FAST_MATH = YES;
				SDKROOT = iphoneos;
				SWIFT_COMPILATION_MODE = wholemodule;
				SWIFT_OPTIMIZATION_LEVEL = "-O";
				VALIDATE_PRODUCT = YES;
			};
			name = Release;
		};
		4CAA815A2434118200F48F24 /* Debug */ = {
			isa = XCBuildConfiguration;
			buildSettings = {
				ASSETCATALOG_COMPILER_APPICON_NAME = AppIcon;
				CODE_SIGN_STYLE = Automatic;
				DEVELOPMENT_TEAM = 7TQTLUZ395;
				INFOPLIST_FILE = ITunesCatalog/Info.plist;
				LD_RUNPATH_SEARCH_PATHS = (
					"$(inherited)",
					"@executable_path/Frameworks",
				);
				PRODUCT_BUNDLE_IDENTIFIER = cristillo.j.amedeo.ITunesCatalog;
				PRODUCT_NAME = "$(TARGET_NAME)";
				SWIFT_VERSION = 5.0;
				TARGETED_DEVICE_FAMILY = "1,2";
			};
			name = Debug;
		};
		4CAA815B2434118200F48F24 /* Release */ = {
			isa = XCBuildConfiguration;
			buildSettings = {
				ASSETCATALOG_COMPILER_APPICON_NAME = AppIcon;
				CODE_SIGN_STYLE = Automatic;
				DEVELOPMENT_TEAM = 7TQTLUZ395;
				INFOPLIST_FILE = ITunesCatalog/Info.plist;
				LD_RUNPATH_SEARCH_PATHS = (
					"$(inherited)",
					"@executable_path/Frameworks",
				);
				PRODUCT_BUNDLE_IDENTIFIER = cristillo.j.amedeo.ITunesCatalog;
				PRODUCT_NAME = "$(TARGET_NAME)";
				SWIFT_VERSION = 5.0;
				TARGETED_DEVICE_FAMILY = "1,2";
			};
			name = Release;
		};
		4CAA815D2434118200F48F24 /* Debug */ = {
			isa = XCBuildConfiguration;
			buildSettings = {
				ALWAYS_EMBED_SWIFT_STANDARD_LIBRARIES = YES;
				BUNDLE_LOADER = "$(TEST_HOST)";
				CODE_SIGN_STYLE = Automatic;
				DEVELOPMENT_TEAM = 7TQTLUZ395;
				INFOPLIST_FILE = ITunesCatalogTests/Info.plist;
				IPHONEOS_DEPLOYMENT_TARGET = 13.2;
				LD_RUNPATH_SEARCH_PATHS = (
					"$(inherited)",
					"@executable_path/Frameworks",
					"@loader_path/Frameworks",
				);
				PRODUCT_BUNDLE_IDENTIFIER = cristillo.j.amedeo.ITunesCatalogTests;
				PRODUCT_NAME = "$(TARGET_NAME)";
				SWIFT_VERSION = 5.0;
				TARGETED_DEVICE_FAMILY = "1,2";
				TEST_HOST = "$(BUILT_PRODUCTS_DIR)/ITunesCatalog.app/ITunesCatalog";
			};
			name = Debug;
		};
		4CAA815E2434118200F48F24 /* Release */ = {
			isa = XCBuildConfiguration;
			buildSettings = {
				ALWAYS_EMBED_SWIFT_STANDARD_LIBRARIES = YES;
				BUNDLE_LOADER = "$(TEST_HOST)";
				CODE_SIGN_STYLE = Automatic;
				DEVELOPMENT_TEAM = 7TQTLUZ395;
				INFOPLIST_FILE = ITunesCatalogTests/Info.plist;
				IPHONEOS_DEPLOYMENT_TARGET = 13.2;
				LD_RUNPATH_SEARCH_PATHS = (
					"$(inherited)",
					"@executable_path/Frameworks",
					"@loader_path/Frameworks",
				);
				PRODUCT_BUNDLE_IDENTIFIER = cristillo.j.amedeo.ITunesCatalogTests;
				PRODUCT_NAME = "$(TARGET_NAME)";
				SWIFT_VERSION = 5.0;
				TARGETED_DEVICE_FAMILY = "1,2";
				TEST_HOST = "$(BUILT_PRODUCTS_DIR)/ITunesCatalog.app/ITunesCatalog";
			};
			name = Release;
		};
/* End XCBuildConfiguration section */

/* Begin XCConfigurationList section */
		4CAA81352434117F00F48F24 /* Build configuration list for PBXProject "ITunesCatalog" */ = {
			isa = XCConfigurationList;
			buildConfigurations = (
				4CAA81572434118200F48F24 /* Debug */,
				4CAA81582434118200F48F24 /* Release */,
			);
			defaultConfigurationIsVisible = 0;
			defaultConfigurationName = Release;
		};
		4CAA81592434118200F48F24 /* Build configuration list for PBXNativeTarget "ITunesCatalog" */ = {
			isa = XCConfigurationList;
			buildConfigurations = (
				4CAA815A2434118200F48F24 /* Debug */,
				4CAA815B2434118200F48F24 /* Release */,
			);
			defaultConfigurationIsVisible = 0;
			defaultConfigurationName = Release;
		};
		4CAA815C2434118200F48F24 /* Build configuration list for PBXNativeTarget "ITunesCatalogTests" */ = {
			isa = XCConfigurationList;
			buildConfigurations = (
				4CAA815D2434118200F48F24 /* Debug */,
				4CAA815E2434118200F48F24 /* Release */,
			);
			defaultConfigurationIsVisible = 0;
			defaultConfigurationName = Release;
		};
/* End XCConfigurationList section */
	};
	rootObject = 4CAA81322434117F00F48F24 /* Project object */;
}
